
Microsoft Visual Studio Solution File, Format Version 12.00
# Visual Studio Version 17
VisualStudioVersion = 17.14.36429.23
MinimumVisualStudioVersion = 10.0.40219.1
Project("{2150E333-8FDC-42A3-9474-1A3956D46DE8}") = "Task0", "Task0", "{02EA681E-C7D8-13C7-8484-4AC65E1B71E8}"
EndProject
Project("{FAE04EC0-301F-11D3-BF4B-00C04F79EFBC}") = "Tyuiu.PlatonovMV.Sprint3.Task0.V15.Lib", "Tyuiu.PlatonovMV.Sprint3.Task0.V15.Lib\Tyuiu.PlatonovMV.Sprint3.Task0.V15.Lib.csproj", "{EFD46A7D-AFDD-4446-853E-49C68E804E27}"
EndProject
Project("{FAE04EC0-301F-11D3-BF4B-00C04F79EFBC}") = "Tyuiu.PlatonovMV.Sprint3.Task0.V15.Test", "Tyuiu.PlatonovMV.Sprint3.Task0.V15.Test\Tyuiu.PlatonovMV.Sprint3.Task0.V15.Test.csproj", "{4360CB89-3273-4E13-BE44-24767E5973E8}"
EndProject
Project("{FAE04EC0-301F-11D3-BF4B-00C04F79EFBC}") = "Tyuiu.PlatonovMV.Sprint3.Task0.V15", "Tyuiu.PlatonovMV.Sprint3.Task0.V15\Tyuiu.PlatonovMV.Sprint3.Task0.V15.csproj", "{E887254B-4B9A-4E4D-AD2E-60024D5C479C}"
EndProject
Project("{FAE04EC0-301F-11D3-BF4B-00C04F79EFBC}") = "Tyuiu.PlatonovMV.Sprint3.Task1.V13", "Tyuiu.PlatonovMV.Sprint3.Task1.V13\Tyuiu.PlatonovMV.Sprint3.Task1.V13.csproj", "{B8A90CE1-456A-48CF-BCE8-540D16EBCFFF}"
EndProject
Project("{2150E333-8FDC-42A3-9474-1A3956D46DE8}") = "Task1", "Task1", "{30FBBFEF-4CB9-4E3E-B391-3737854F0C4E}"
EndProject
Project("{FAE04EC0-301F-11D3-BF4B-00C04F79EFBC}") = "Tyuiu.PlatonovMV.Sprint3.Task1.V13.Test", "Tyuiu.PlatonovMV.Sprint3.Task1.V13.Test\Tyuiu.PlatonovMV.Sprint3.Task1.V13.Test.csproj", "{C940096C-FE71-40CC-B9FD-1257FCB38045}"
EndProject
Project("{FAE04EC0-301F-11D3-BF4B-00C04F79EFBC}") = "Tyuiu.PlatonovMV.Sprint3.Task1.V13.Lib", "Tyuiu.PlatonovMV.Sprint3.Task1.V13.Lib\Tyuiu.PlatonovMV.Sprint3.Task1.V13.Lib.csproj", "{1F096884-A526-4C25-B629-3EA2F93FAA56}"
EndProject
Project("{2150E333-8FDC-42A3-9474-1A3956D46DE8}") = "Task2", "Task2", "{9ED960FA-C238-4A81-9BB6-9D2DFE6E4BD7}"
EndProject
Project("{FAE04EC0-301F-11D3-BF4B-00C04F79EFBC}") = "Tyuiu.PlatonovMV.Sprint3.Task2.V11.Lib", "Tyuiu.PlatonovMV.Sprint3.Task2.V11.Lib\Tyuiu.PlatonovMV.Sprint3.Task2.V11.Lib.csproj", "{A8CB0F84-B1FF-4541-9BF4-7D4AFD3984CE}"
EndProject
Project("{FAE04EC0-301F-11D3-BF4B-00C04F79EFBC}") = "Tyuiu.PlatonovMV.Sprint3.Task2.V11", "Tyuiu.PlatonovMV.Sprint3.Task2.V11\Tyuiu.PlatonovMV.Sprint3.Task2.V11.csproj", "{37B928E4-EFD2-4C32-AE90-7D5A7148442F}"
EndProject
Project("{FAE04EC0-301F-11D3-BF4B-00C04F79EFBC}") = "Tyuiu.PlatonovMV.Sprint3.Task2.V11.Test", "Tyuiu.PlatonovMV.Sprint3.Task2.V11.Test\Tyuiu.PlatonovMV.Sprint3.Task2.V11.Test.csproj", "{70284E70-E032-4562-8D7F-31D057CA14A3}"
EndProject
Project("{2150E333-8FDC-42A3-9474-1A3956D46DE8}") = "Task3", "Task3", "{90DD66F3-639A-4344-B522-279174B337CC}"
EndProject
Project("{FAE04EC0-301F-11D3-BF4B-00C04F79EFBC}") = "Tyuiu.PlatonovMV.Sprint3.Task3.V21.Test", "Tyuiu.PlatonovMV.Sprint3.Task3.V21.Test\Tyuiu.PlatonovMV.Sprint3.Task3.V21.Test.csproj", "{B6E4F6C3-A05E-4727-AD1F-4086BD66DC17}"
EndProject
Project("{FAE04EC0-301F-11D3-BF4B-00C04F79EFBC}") = "Tyuiu.PlatonovMV.Sprint3.Task3.V21", "Tyuiu.PlatonovMV.Sprint3.Task3.V21\Tyuiu.PlatonovMV.Sprint3.Task3.V21.csproj", "{D671A147-11A5-4E3B-8F8A-29562754994D}"
EndProject
Project("{FAE04EC0-301F-11D3-BF4B-00C04F79EFBC}") = "Tyuiu.PlatonovMV.Sprint3.Task3.V21.Lib", "Tyuiu.PlatonovMV.Sprint3.Task3.V21.Lib\Tyuiu.PlatonovMV.Sprint3.Task3.V21.Lib.csproj", "{67A8FB28-1D98-4445-B81B-F3734C9D6447}"
EndProject
Project("{2150E333-8FDC-42A3-9474-1A3956D46DE8}") = "Task4", "Task4", "{6BC3EEE2-31DF-4F9D-A4CF-2BD0BE40A84B}"
EndProject
Project("{FAE04EC0-301F-11D3-BF4B-00C04F79EFBC}") = "Tyuiu.PlatonovMV.Sprint3.Task4.V17.Lib", "Tyuiu.PlatonovMV.Sprint3.Task4.V17.Lib\Tyuiu.PlatonovMV.Sprint3.Task4.V17.Lib.csproj", "{DDAF8712-22D9-4738-9213-C78F40D7A2EC}"
EndProject
Project("{FAE04EC0-301F-11D3-BF4B-00C04F79EFBC}") = "Tyuiu.PlatonovMV.Sprint3.Task4.V17", "Tyuiu.PlatonovMV.Sprint3.Task4.V17\Tyuiu.PlatonovMV.Sprint3.Task4.V17.csproj", "{9E768A7A-7526-4F30-90EA-98A24EF7C416}"
EndProject
Project("{FAE04EC0-301F-11D3-BF4B-00C04F79EFBC}") = "Tyuiu.PlatonovMV.Sprint3.Task4.V17.Test", "Tyuiu.PlatonovMV.Sprint3.Task4.V17.Test\Tyuiu.PlatonovMV.Sprint3.Task4.V17.Test.csproj", "{8719D045-0CA0-462C-8120-B43E0FB270D3}"
EndProject
Global
	GlobalSection(SolutionConfigurationPlatforms) = preSolution
		Debug|Any CPU = Debug|Any CPU
		Release|Any CPU = Release|Any CPU
	EndGlobalSection
	GlobalSection(ProjectConfigurationPlatforms) = postSolution
		{EFD46A7D-AFDD-4446-853E-49C68E804E27}.Debug|Any CPU.ActiveCfg = Debug|Any CPU
		{EFD46A7D-AFDD-4446-853E-49C68E804E27}.Debug|Any CPU.Build.0 = Debug|Any CPU
		{EFD46A7D-AFDD-4446-853E-49C68E804E27}.Release|Any CPU.ActiveCfg = Release|Any CPU
		{EFD46A7D-AFDD-4446-853E-49C68E804E27}.Release|Any CPU.Build.0 = Release|Any CPU
		{4360CB89-3273-4E13-BE44-24767E5973E8}.Debug|Any CPU.ActiveCfg = Debug|Any CPU
		{4360CB89-3273-4E13-BE44-24767E5973E8}.Debug|Any CPU.Build.0 = Debug|Any CPU
		{4360CB89-3273-4E13-BE44-24767E5973E8}.Release|Any CPU.ActiveCfg = Release|Any CPU
		{4360CB89-3273-4E13-BE44-24767E5973E8}.Release|Any CPU.Build.0 = Release|Any CPU
		{E887254B-4B9A-4E4D-AD2E-60024D5C479C}.Debug|Any CPU.ActiveCfg = Debug|Any CPU
		{E887254B-4B9A-4E4D-AD2E-60024D5C479C}.Debug|Any CPU.Build.0 = Debug|Any CPU
		{E887254B-4B9A-4E4D-AD2E-60024D5C479C}.Release|Any CPU.ActiveCfg = Release|Any CPU
		{E887254B-4B9A-4E4D-AD2E-60024D5C479C}.Release|Any CPU.Build.0 = Release|Any CPU
		{B8A90CE1-456A-48CF-BCE8-540D16EBCFFF}.Debug|Any CPU.ActiveCfg = Debug|Any CPU
		{B8A90CE1-456A-48CF-BCE8-540D16EBCFFF}.Debug|Any CPU.Build.0 = Debug|Any CPU
		{B8A90CE1-456A-48CF-BCE8-540D16EBCFFF}.Release|Any CPU.ActiveCfg = Release|Any CPU
		{B8A90CE1-456A-48CF-BCE8-540D16EBCFFF}.Release|Any CPU.Build.0 = Release|Any CPU
		{C940096C-FE71-40CC-B9FD-1257FCB38045}.Debug|Any CPU.ActiveCfg = Debug|Any CPU
		{C940096C-FE71-40CC-B9FD-1257FCB38045}.Debug|Any CPU.Build.0 = Debug|Any CPU
		{C940096C-FE71-40CC-B9FD-1257FCB38045}.Release|Any CPU.ActiveCfg = Release|Any CPU
		{C940096C-FE71-40CC-B9FD-1257FCB38045}.Release|Any CPU.Build.0 = Release|Any CPU
		{1F096884-A526-4C25-B629-3EA2F93FAA56}.Debug|Any CPU.ActiveCfg = Debug|Any CPU
		{1F096884-A526-4C25-B629-3EA2F93FAA56}.Debug|Any CPU.Build.0 = Debug|Any CPU
		{1F096884-A526-4C25-B629-3EA2F93FAA56}.Release|Any CPU.ActiveCfg = Release|Any CPU
		{1F096884-A526-4C25-B629-3EA2F93FAA56}.Release|Any CPU.Build.0 = Release|Any CPU
		{A8CB0F84-B1FF-4541-9BF4-7D4AFD3984CE}.Debug|Any CPU.ActiveCfg = Debug|Any CPU
		{A8CB0F84-B1FF-4541-9BF4-7D4AFD3984CE}.Debug|Any CPU.Build.0 = Debug|Any CPU
		{A8CB0F84-B1FF-4541-9BF4-7D4AFD3984CE}.Release|Any CPU.ActiveCfg = Release|Any CPU
		{A8CB0F84-B1FF-4541-9BF4-7D4AFD3984CE}.Release|Any CPU.Build.0 = Release|Any CPU
		{37B928E4-EFD2-4C32-AE90-7D5A7148442F}.Debug|Any CPU.ActiveCfg = Debug|Any CPU
		{37B928E4-EFD2-4C32-AE90-7D5A7148442F}.Debug|Any CPU.Build.0 = Debug|Any CPU
		{37B928E4-EFD2-4C32-AE90-7D5A7148442F}.Release|Any CPU.ActiveCfg = Release|Any CPU
		{37B928E4-EFD2-4C32-AE90-7D5A7148442F}.Release|Any CPU.Build.0 = Release|Any CPU
		{70284E70-E032-4562-8D7F-31D057CA14A3}.Debug|Any CPU.ActiveCfg = Debug|Any CPU
		{70284E70-E032-4562-8D7F-31D057CA14A3}.Debug|Any CPU.Build.0 = Debug|Any CPU
		{70284E70-E032-4562-8D7F-31D057CA14A3}.Release|Any CPU.ActiveCfg = Release|Any CPU
		{70284E70-E032-4562-8D7F-31D057CA14A3}.Release|Any CPU.Build.0 = Release|Any CPU
		{B6E4F6C3-A05E-4727-AD1F-4086BD66DC17}.Debug|Any CPU.ActiveCfg = Debug|Any CPU
		{B6E4F6C3-A05E-4727-AD1F-4086BD66DC17}.Debug|Any CPU.Build.0 = Debug|Any CPU
		{B6E4F6C3-A05E-4727-AD1F-4086BD66DC17}.Release|Any CPU.ActiveCfg = Release|Any CPU
		{B6E4F6C3-A05E-4727-AD1F-4086BD66DC17}.Release|Any CPU.Build.0 = Release|Any CPU
		{D671A147-11A5-4E3B-8F8A-29562754994D}.Debug|Any CPU.ActiveCfg = Debug|Any CPU
		{D671A147-11A5-4E3B-8F8A-29562754994D}.Debug|Any CPU.Build.0 = Debug|Any CPU
		{D671A147-11A5-4E3B-8F8A-29562754994D}.Release|Any CPU.ActiveCfg = Release|Any CPU
		{D671A147-11A5-4E3B-8F8A-29562754994D}.Release|Any CPU.Build.0 = Release|Any CPU
		{67A8FB28-1D98-4445-B81B-F3734C9D6447}.Debug|Any CPU.ActiveCfg = Debug|Any CPU
		{67A8FB28-1D98-4445-B81B-F3734C9D6447}.Debug|Any CPU.Build.0 = Debug|Any CPU
		{67A8FB28-1D98-4445-B81B-F3734C9D6447}.Release|Any CPU.ActiveCfg = Release|Any CPU
		{67A8FB28-1D98-4445-B81B-F3734C9D6447}.Release|Any CPU.Build.0 = Release|Any CPU
		{DDAF8712-22D9-4738-9213-C78F40D7A2EC}.Debug|Any CPU.ActiveCfg = Debug|Any CPU
		{DDAF8712-22D9-4738-9213-C78F40D7A2EC}.Debug|Any CPU.Build.0 = Debug|Any CPU
		{DDAF8712-22D9-4738-9213-C78F40D7A2EC}.Release|Any CPU.ActiveCfg = Release|Any CPU
		{DDAF8712-22D9-4738-9213-C78F40D7A2EC}.Release|Any CPU.Build.0 = Release|Any CPU
		{9E768A7A-7526-4F30-90EA-98A24EF7C416}.Debug|Any CPU.ActiveCfg = Debug|Any CPU
		{9E768A7A-7526-4F30-90EA-98A24EF7C416}.Debug|Any CPU.Build.0 = Debug|Any CPU
		{9E768A7A-7526-4F30-90EA-98A24EF7C416}.Release|Any CPU.ActiveCfg = Release|Any CPU
		{9E768A7A-7526-4F30-90EA-98A24EF7C416}.Release|Any CPU.Build.0 = Release|Any CPU
		{8719D045-0CA0-462C-8120-B43E0FB270D3}.Debug|Any CPU.ActiveCfg = Debug|Any CPU
		{8719D045-0CA0-462C-8120-B43E0FB270D3}.Debug|Any CPU.Build.0 = Debug|Any CPU
		{8719D045-0CA0-462C-8120-B43E0FB270D3}.Release|Any CPU.ActiveCfg = Release|Any CPU
		{8719D045-0CA0-462C-8120-B43E0FB270D3}.Release|Any CPU.Build.0 = Release|Any CPU
	EndGlobalSection
	GlobalSection(SolutionProperties) = preSolution
		HideSolutionNode = FALSE
	EndGlobalSection
	GlobalSection(NestedProjects) = preSolution
		{EFD46A7D-AFDD-4446-853E-49C68E804E27} = {02EA681E-C7D8-13C7-8484-4AC65E1B71E8}
		{4360CB89-3273-4E13-BE44-24767E5973E8} = {02EA681E-C7D8-13C7-8484-4AC65E1B71E8}
		{E887254B-4B9A-4E4D-AD2E-60024D5C479C} = {02EA681E-C7D8-13C7-8484-4AC65E1B71E8}
		{B8A90CE1-456A-48CF-BCE8-540D16EBCFFF} = {30FBBFEF-4CB9-4E3E-B391-3737854F0C4E}
		{C940096C-FE71-40CC-B9FD-1257FCB38045} = {30FBBFEF-4CB9-4E3E-B391-3737854F0C4E}
		{1F096884-A526-4C25-B629-3EA2F93FAA56} = {30FBBFEF-4CB9-4E3E-B391-3737854F0C4E}
		{A8CB0F84-B1FF-4541-9BF4-7D4AFD3984CE} = {9ED960FA-C238-4A81-9BB6-9D2DFE6E4BD7}
		{37B928E4-EFD2-4C32-AE90-7D5A7148442F} = {9ED960FA-C238-4A81-9BB6-9D2DFE6E4BD7}
		{70284E70-E032-4562-8D7F-31D057CA14A3} = {9ED960FA-C238-4A81-9BB6-9D2DFE6E4BD7}
		{B6E4F6C3-A05E-4727-AD1F-4086BD66DC17} = {90DD66F3-639A-4344-B522-279174B337CC}
		{D671A147-11A5-4E3B-8F8A-29562754994D} = {90DD66F3-639A-4344-B522-279174B337CC}
		{67A8FB28-1D98-4445-B81B-F3734C9D6447} = {90DD66F3-639A-4344-B522-279174B337CC}
		{DDAF8712-22D9-4738-9213-C78F40D7A2EC} = {6BC3EEE2-31DF-4F9D-A4CF-2BD0BE40A84B}
		{9E768A7A-7526-4F30-90EA-98A24EF7C416} = {6BC3EEE2-31DF-4F9D-A4CF-2BD0BE40A84B}
		{8719D045-0CA0-462C-8120-B43E0FB270D3} = {6BC3EEE2-31DF-4F9D-A4CF-2BD0BE40A84B}
	EndGlobalSection
	GlobalSection(ExtensibilityGlobals) = postSolution
		SolutionGuid = {D6988243-773C-4C1B-B17F-31BD05D8D66F}
	EndGlobalSection
EndGlobal
